
Microsoft Visual Studio Solution File, Format Version 12.00
# Visual Studio 15
VisualStudioVersion = 15.0.26730.12
MinimumVisualStudioVersion = 10.0.40219.1
Project("{FAE04EC0-301F-11D3-BF4B-00C04F79EFBC}") = "XrmLibrary.EntityHelpers", "XrmLibrary.EntityHelpers\XrmLibrary.EntityHelpers.csproj", "{39E621FF-B878-4245-AD13-30148838D342}"
EndProject
Project("{FAE04EC0-301F-11D3-BF4B-00C04F79EFBC}") = "XrmLibrary.ExtensionMethods", "XrmLibrary.ExtensionMethods\XrmLibrary.ExtensionMethods.csproj", "{9B4E6C83-85F0-42D3-A7C7-484CA6C2DD0B}"
EndProject
Project("{2150E333-8FDC-42A3-9474-1A3956D46DE8}") = "Library", "Library", "{C51FCC52-3B99-499D-A360-FAD5FF5A688B}"
EndProject
Project("{2150E333-8FDC-42A3-9474-1A3956D46DE8}") = "UI.Console", "UI.Console", "{A78E3FD5-AAF2-47AE-8AFC-B78AC125B9C7}"
EndProject
Global
	GlobalSection(SolutionConfigurationPlatforms) = preSolution
		Debug|Any CPU = Debug|Any CPU
		Release|Any CPU = Release|Any CPU
	EndGlobalSection
	GlobalSection(ProjectConfigurationPlatforms) = postSolution
		{39E621FF-B878-4245-AD13-30148838D342}.Debug|Any CPU.ActiveCfg = Debug|Any CPU
		{39E621FF-B878-4245-AD13-30148838D342}.Debug|Any CPU.Build.0 = Debug|Any CPU
		{39E621FF-B878-4245-AD13-30148838D342}.Release|Any CPU.ActiveCfg = Release|Any CPU
		{39E621FF-B878-4245-AD13-30148838D342}.Release|Any CPU.Build.0 = Release|Any CPU
		{9B4E6C83-85F0-42D3-A7C7-484CA6C2DD0B}.Debug|Any CPU.ActiveCfg = Debug|Any CPU
		{9B4E6C83-85F0-42D3-A7C7-484CA6C2DD0B}.Debug|Any CPU.Build.0 = Debug|Any CPU
		{9B4E6C83-85F0-42D3-A7C7-484CA6C2DD0B}.Release|Any CPU.ActiveCfg = Release|Any CPU
		{9B4E6C83-85F0-42D3-A7C7-484CA6C2DD0B}.Release|Any CPU.Build.0 = Release|Any CPU
	EndGlobalSection
	GlobalSection(SolutionProperties) = preSolution
		HideSolutionNode = FALSE
	EndGlobalSection
	GlobalSection(NestedProjects) = preSolution
		{39E621FF-B878-4245-AD13-30148838D342} = {C51FCC52-3B99-499D-A360-FAD5FF5A688B}
		{9B4E6C83-85F0-42D3-A7C7-484CA6C2DD0B} = {C51FCC52-3B99-499D-A360-FAD5FF5A688B}
	EndGlobalSection
	GlobalSection(ExtensibilityGlobals) = postSolution
		SolutionGuid = {1DC3E6C5-93AE-450B-92F4-B359881197E3}
	EndGlobalSection
	GlobalSection(TeamFoundationVersionControl) = preSolution
		SccNumberOfProjects = 3
		SccEnterpriseProvider = {4CA58AB2-18FA-4F8D-95D4-32DDF27D184C}
		SccTeamFoundationServer = https://emregulcan.visualstudio.com/
		SccLocalPath0 = .
		SccProjectUniqueName1 = XrmLibrary.EntityHelpers\\XrmLibrary.EntityHelpers.csproj
		SccProjectTopLevelParentUniqueName1 = XrmLibrary.sln
		SccProjectName1 = XrmLibrary.EntityHelpers
		SccLocalPath1 = XrmLibrary.EntityHelpers
		SccProjectUniqueName2 = XrmLibrary.ExtensionMethods\\XrmLibrary.ExtensionMethods.csproj
		SccProjectTopLevelParentUniqueName2 = XrmLibrary.sln
		SccProjectName2 = XrmLibrary.ExtensionMethods
		SccLocalPath2 = XrmLibrary.ExtensionMethods
	EndGlobalSection
EndGlobal
